
Microsoft Visual Studio Solution File, Format Version 12.00
# Visual Studio Version 17
VisualStudioVersion = 17.1.32421.90
MinimumVisualStudioVersion = 10.0.40219.1
Project("{FAE04EC0-301F-11D3-BF4B-00C04F79EFBC}") = "task1", "task1\task1.csproj", "{0CB76012-11FF-4761-8869-AE670097649C}"
EndProject
Project("{FAE04EC0-301F-11D3-BF4B-00C04F79EFBC}") = "task2", "task2\task2.csproj", "{5E289273-7251-4211-AD6F-472A61ECE2DC}"
EndProject
Project("{FAE04EC0-301F-11D3-BF4B-00C04F79EFBC}") = "TestProject2", "TestProject2\TestProject2.csproj", "{88FB1897-F57D-410A-A718-3A47344EC138}"
EndProject
Project("{FAE04EC0-301F-11D3-BF4B-00C04F79EFBC}") = "task3", "task3\task3.csproj", "{76251EA0-5B0D-42AE-B41D-555EE3167711}"
EndProject
Project("{FAE04EC0-301F-11D3-BF4B-00C04F79EFBC}") = "TestProject3", "TestProject3\TestProject3.csproj", "{58E0F77B-D7D6-408D-9686-7CFAC19C3E1B}"
EndProject
Global
	GlobalSection(SolutionConfigurationPlatforms) = preSolution
		Debug|Any CPU = Debug|Any CPU
		Release|Any CPU = Release|Any CPU
	EndGlobalSection
	GlobalSection(ProjectConfigurationPlatforms) = postSolution
		{0CB76012-11FF-4761-8869-AE670097649C}.Debug|Any CPU.ActiveCfg = Debug|Any CPU
		{0CB76012-11FF-4761-8869-AE670097649C}.Debug|Any CPU.Build.0 = Debug|Any CPU
		{0CB76012-11FF-4761-8869-AE670097649C}.Release|Any CPU.ActiveCfg = Release|Any CPU
		{0CB76012-11FF-4761-8869-AE670097649C}.Release|Any CPU.Build.0 = Release|Any CPU
		{5E289273-7251-4211-AD6F-472A61ECE2DC}.Debug|Any CPU.ActiveCfg = Debug|Any CPU
		{5E289273-7251-4211-AD6F-472A61ECE2DC}.Debug|Any CPU.Build.0 = Debug|Any CPU
		{5E289273-7251-4211-AD6F-472A61ECE2DC}.Release|Any CPU.ActiveCfg = Release|Any CPU
		{5E289273-7251-4211-AD6F-472A61ECE2DC}.Release|Any CPU.Build.0 = Release|Any CPU
		{88FB1897-F57D-410A-A718-3A47344EC138}.Debug|Any CPU.ActiveCfg = Debug|Any CPU
		{88FB1897-F57D-410A-A718-3A47344EC138}.Debug|Any CPU.Build.0 = Debug|Any CPU
		{88FB1897-F57D-410A-A718-3A47344EC138}.Release|Any CPU.ActiveCfg = Release|Any CPU
		{88FB1897-F57D-410A-A718-3A47344EC138}.Release|Any CPU.Build.0 = Release|Any CPU
		{76251EA0-5B0D-42AE-B41D-555EE3167711}.Debug|Any CPU.ActiveCfg = Debug|Any CPU
		{76251EA0-5B0D-42AE-B41D-555EE3167711}.Debug|Any CPU.Build.0 = Debug|Any CPU
		{76251EA0-5B0D-42AE-B41D-555EE3167711}.Release|Any CPU.ActiveCfg = Release|Any CPU
		{76251EA0-5B0D-42AE-B41D-555EE3167711}.Release|Any CPU.Build.0 = Release|Any CPU
		{58E0F77B-D7D6-408D-9686-7CFAC19C3E1B}.Debug|Any CPU.ActiveCfg = Debug|Any CPU
		{58E0F77B-D7D6-408D-9686-7CFAC19C3E1B}.Debug|Any CPU.Build.0 = Debug|Any CPU
		{58E0F77B-D7D6-408D-9686-7CFAC19C3E1B}.Release|Any CPU.ActiveCfg = Release|Any CPU
		{58E0F77B-D7D6-408D-9686-7CFAC19C3E1B}.Release|Any CPU.Build.0 = Release|Any CPU
	EndGlobalSection
	GlobalSection(SolutionProperties) = preSolution
		HideSolutionNode = FALSE
	EndGlobalSection
	GlobalSection(ExtensibilityGlobals) = postSolution
		SolutionGuid = {6F87B665-C118-405A-80BA-6C7CFFA22450}
	EndGlobalSection
EndGlobal
